Microsoft Visual Studio Solution File, Format Version 12.00
# Visual Studio Version 17
VisualStudioVersion = 17.5.2.0
MinimumVisualStudioVersion = 10.0.40219.1
Project("{FAE04EC0-301F-11D3-BF4B-00C04F79EFBC}") = "Program2", "Program2.csproj", "{3B42610B-48D4-A0E6-CA96-04778F531EFA}"
EndProject
Global
	GlobalSection(SolutionConfigurationPlatforms) = preSolution
		Debug|Any CPU = Debug|Any CPU
		Release|Any CPU = Release|Any CPU
	EndGlobalSection
	GlobalSection(ProjectConfigurationPlatforms) = postSolution
		{3B42610B-48D4-A0E6-CA96-04778F531EFA}.Debug|Any CPU.ActiveCfg = Debug|Any CPU
		{3B42610B-48D4-A0E6-CA96-04778F531EFA}.Debug|Any CPU.Build.0 = Debug|Any CPU
		{3B42610B-48D4-A0E6-CA96-04778F531EFA}.Release|Any CPU.ActiveCfg = Release|Any CPU
		{3B42610B-48D4-A0E6-CA96-04778F531EFA}.Release|Any CPU.Build.0 = Release|Any CPU
	EndGlobalSection
	GlobalSection(SolutionProperties) = preSolution
		HideSolutionNode = FALSE
	EndGlobalSection
	GlobalSection(ExtensibilityGlobals) = postSolution
		SolutionGuid = {08E05A6D-0682-4E88-80F7-7774CC3FF0EF}
	EndGlobalSection
EndGlobal
